
Microsoft Visual Studio Solution File, Format Version 12.00
# Visual Studio Version 16
VisualStudioVersion = 16.0.29728.190
MinimumVisualStudioVersion = 10.0.40219.1
Project("{9092AA53-FB77-4645-B42D-1CCCA6BD08BD}") = "Car-patch-IO", "Car-patch-IO.njsproj", "{143B96F3-EBDF-4F5E-95B1-108F5771E4E1}"
EndProject
Global
	GlobalSection(SolutionConfigurationPlatforms) = preSolution
		Debug|Any CPU = Debug|Any CPU
		Release|Any CPU = Release|Any CPU
	EndGlobalSection
	GlobalSection(ProjectConfigurationPlatforms) = postSolution
		{143B96F3-EBDF-4F5E-95B1-108F5771E4E1}.Debug|Any CPU.ActiveCfg = Debug|Any CPU
		{143B96F3-EBDF-4F5E-95B1-108F5771E4E1}.Debug|Any CPU.Build.0 = Debug|Any CPU
		{143B96F3-EBDF-4F5E-95B1-108F5771E4E1}.Release|Any CPU.ActiveCfg = Release|Any CPU
		{143B96F3-EBDF-4F5E-95B1-108F5771E4E1}.Release|Any CPU.Build.0 = Release|Any CPU
	EndGlobalSection
	GlobalSection(SolutionProperties) = preSolution
		HideSolutionNode = FALSE
	EndGlobalSection
	GlobalSection(ExtensibilityGlobals) = postSolution
		SolutionGuid = {0C572E64-6430-4A59-88A2-E351BF29B662}
	EndGlobalSection
EndGlobal
